
Microsoft Visual Studio Solution File, Format Version 12.00
# Visual Studio Version 17
VisualStudioVersion = 17.4.33122.133
MinimumVisualStudioVersion = 10.0.40219.1
Project("{FAE04EC0-301F-11D3-BF4B-00C04F79EFBC}") = "StringQestion", "StringQestion\StringQestion.csproj", "{2080FE48-E783-494C-98BA-E5CC1C69346F}"
EndProject
Global
	GlobalSection(SolutionConfigurationPlatforms) = preSolution
		Debug|Any CPU = Debug|Any CPU
		Release|Any CPU = Release|Any CPU
	EndGlobalSection
	GlobalSection(ProjectConfigurationPlatforms) = postSolution
		{2080FE48-E783-494C-98BA-E5CC1C69346F}.Debug|Any CPU.ActiveCfg = Debug|Any CPU
		{2080FE48-E783-494C-98BA-E5CC1C69346F}.Debug|Any CPU.Build.0 = Debug|Any CPU
		{2080FE48-E783-494C-98BA-E5CC1C69346F}.Release|Any CPU.ActiveCfg = Release|Any CPU
		{2080FE48-E783-494C-98BA-E5CC1C69346F}.Release|Any CPU.Build.0 = Release|Any CPU
	EndGlobalSection
	GlobalSection(SolutionProperties) = preSolution
		HideSolutionNode = FALSE
	EndGlobalSection
	GlobalSection(ExtensibilityGlobals) = postSolution
		SolutionGuid = {4B144AA7-3C0A-419A-86EC-3121B6249732}
	EndGlobalSection
EndGlobal
